
Microsoft Visual Studio Solution File, Format Version 12.00
Project("{FAE04EC0-301F-11D3-BF4B-00C04F79EFBC}") = "AudioAPI", "AudioAPI\AudioAPI.csproj", "{E5C36C12-EAA1-4261-A2E9-E32C8FA2485C}"
EndProject
Project("{FAE04EC0-301F-11D3-BF4B-00C04F79EFBC}") = "AudioManager", "AudioManager\AudioManager.csproj", "{793CEFC8-4DC3-4D92-8335-C15B490E9EB6}"
EndProject
Project("{FAE04EC0-301F-11D3-BF4B-00C04F79EFBC}") = "Result", "Result\Result.csproj", "{3148CC88-5675-4AFF-B6CD-37A87663B591}"
EndProject
Project("{FAE04EC0-301F-11D3-BF4B-00C04F79EFBC}") = "AudioManager.CLI", "AudioManager.CLI\AudioManager.CLI.csproj", "{4A3F2E1D-D765-4B93-A87F-FA94C9927F04}"
EndProject
Project("{FAE04EC0-301F-11D3-BF4B-00C04F79EFBC}") = "AudioManager.Tests", "AudioManager.Tests\AudioManager.Tests.csproj", "{B96BFB0E-3CB8-4DCD-A6BA-881721E2649A}"
EndProject
Project("{FAE04EC0-301F-11D3-BF4B-00C04F79EFBC}") = "AudioManager.Platforms.YouTube", "AudioManager.Platforms.YouTube\AudioManager.Platforms.YouTube.csproj", "{B4163523-7F73-4C5B-BF9B-2C907DF4F6C5}"
EndProject
Project("{FAE04EC0-301F-11D3-BF4B-00C04F79EFBC}") = "AudioManager.Platforms.MusicDatabase", "AudioManager.Platforms.MusicDatabase\AudioManager.Platforms.MusicDatabase.csproj", "{440AD383-9588-4BF2-8C85-E7A61F8E8D4F}"
EndProject
Project("{FAE04EC0-301F-11D3-BF4B-00C04F79EFBC}") = "AudioManager.Platforms.Spotify", "AudioManager.Platforms.Spotify\AudioManager.Platforms.Spotify.csproj", "{BB8CA4B8-B399-4112-9858-26393B2D848A}"
EndProject
Project("{2150E333-8FDC-42A3-9474-1A3956D46DE8}") = "Platforms", "Platforms", "{6993D4A0-9F35-4F74-9DF3-32C2996E0027}"
EndProject
Global
	GlobalSection(SolutionConfigurationPlatforms) = preSolution
		Debug|Any CPU = Debug|Any CPU
		Release|Any CPU = Release|Any CPU
	EndGlobalSection
	GlobalSection(ProjectConfigurationPlatforms) = postSolution
		{E5C36C12-EAA1-4261-A2E9-E32C8FA2485C}.Debug|Any CPU.ActiveCfg = Debug|Any CPU
		{E5C36C12-EAA1-4261-A2E9-E32C8FA2485C}.Debug|Any CPU.Build.0 = Debug|Any CPU
		{E5C36C12-EAA1-4261-A2E9-E32C8FA2485C}.Release|Any CPU.ActiveCfg = Release|Any CPU
		{E5C36C12-EAA1-4261-A2E9-E32C8FA2485C}.Release|Any CPU.Build.0 = Release|Any CPU
		{793CEFC8-4DC3-4D92-8335-C15B490E9EB6}.Debug|Any CPU.ActiveCfg = Debug|Any CPU
		{793CEFC8-4DC3-4D92-8335-C15B490E9EB6}.Debug|Any CPU.Build.0 = Debug|Any CPU
		{793CEFC8-4DC3-4D92-8335-C15B490E9EB6}.Release|Any CPU.ActiveCfg = Release|Any CPU
		{793CEFC8-4DC3-4D92-8335-C15B490E9EB6}.Release|Any CPU.Build.0 = Release|Any CPU
		{3148CC88-5675-4AFF-B6CD-37A87663B591}.Debug|Any CPU.ActiveCfg = Debug|Any CPU
		{3148CC88-5675-4AFF-B6CD-37A87663B591}.Debug|Any CPU.Build.0 = Debug|Any CPU
		{3148CC88-5675-4AFF-B6CD-37A87663B591}.Release|Any CPU.ActiveCfg = Release|Any CPU
		{3148CC88-5675-4AFF-B6CD-37A87663B591}.Release|Any CPU.Build.0 = Release|Any CPU
		{4A3F2E1D-D765-4B93-A87F-FA94C9927F04}.Debug|Any CPU.ActiveCfg = Debug|Any CPU
		{4A3F2E1D-D765-4B93-A87F-FA94C9927F04}.Debug|Any CPU.Build.0 = Debug|Any CPU
		{4A3F2E1D-D765-4B93-A87F-FA94C9927F04}.Release|Any CPU.ActiveCfg = Release|Any CPU
		{4A3F2E1D-D765-4B93-A87F-FA94C9927F04}.Release|Any CPU.Build.0 = Release|Any CPU
		{B96BFB0E-3CB8-4DCD-A6BA-881721E2649A}.Debug|Any CPU.ActiveCfg = Debug|Any CPU
		{B96BFB0E-3CB8-4DCD-A6BA-881721E2649A}.Debug|Any CPU.Build.0 = Debug|Any CPU
		{B96BFB0E-3CB8-4DCD-A6BA-881721E2649A}.Release|Any CPU.ActiveCfg = Release|Any CPU
		{B96BFB0E-3CB8-4DCD-A6BA-881721E2649A}.Release|Any CPU.Build.0 = Release|Any CPU
		{B4163523-7F73-4C5B-BF9B-2C907DF4F6C5}.Debug|Any CPU.ActiveCfg = Debug|Any CPU
		{B4163523-7F73-4C5B-BF9B-2C907DF4F6C5}.Debug|Any CPU.Build.0 = Debug|Any CPU
		{B4163523-7F73-4C5B-BF9B-2C907DF4F6C5}.Release|Any CPU.ActiveCfg = Release|Any CPU
		{B4163523-7F73-4C5B-BF9B-2C907DF4F6C5}.Release|Any CPU.Build.0 = Release|Any CPU
		{440AD383-9588-4BF2-8C85-E7A61F8E8D4F}.Debug|Any CPU.ActiveCfg = Debug|Any CPU
		{440AD383-9588-4BF2-8C85-E7A61F8E8D4F}.Debug|Any CPU.Build.0 = Debug|Any CPU
		{440AD383-9588-4BF2-8C85-E7A61F8E8D4F}.Release|Any CPU.ActiveCfg = Release|Any CPU
		{440AD383-9588-4BF2-8C85-E7A61F8E8D4F}.Release|Any CPU.Build.0 = Release|Any CPU
		{BB8CA4B8-B399-4112-9858-26393B2D848A}.Debug|Any CPU.ActiveCfg = Debug|Any CPU
		{BB8CA4B8-B399-4112-9858-26393B2D848A}.Debug|Any CPU.Build.0 = Debug|Any CPU
		{BB8CA4B8-B399-4112-9858-26393B2D848A}.Release|Any CPU.ActiveCfg = Release|Any CPU
		{BB8CA4B8-B399-4112-9858-26393B2D848A}.Release|Any CPU.Build.0 = Release|Any CPU
	EndGlobalSection
	GlobalSection(NestedProjects) = preSolution
		{440AD383-9588-4BF2-8C85-E7A61F8E8D4F} = {6993D4A0-9F35-4F74-9DF3-32C2996E0027}
		{BB8CA4B8-B399-4112-9858-26393B2D848A} = {6993D4A0-9F35-4F74-9DF3-32C2996E0027}
		{B4163523-7F73-4C5B-BF9B-2C907DF4F6C5} = {6993D4A0-9F35-4F74-9DF3-32C2996E0027}
	EndGlobalSection
EndGlobal
